# This file is autogenerated by pip-compile with --generate-hashes
# To update, run: pip-compile requirements.in --generate-hashes


# Core dependencies --hash=sha256:<hash>
Flask==2.3.3 --hash=sha256:<hash>
Flask-SQLAlchemy==3.0.5 --hash=sha256:<hash>
Flask-Login==0.6.3 --hash=sha256:<hash>
Flask-WTF==1.1.1 --hash=sha256:<hash>
WTForms==3.0.1 --hash=sha256:<hash>

# Hardware interfaces --hash=sha256:<hash>
RPi.GPIO==0.7.1 --hash=sha256:<hash>
gpiozero==1.6.2 --hash=sha256:<hash>
spidev==3.6 --hash=sha256:<hash>
smbus2==0.4.2 --hash=sha256:<hash>
w1thermsensor==2.0.0 --hash=sha256:<hash>

# Sensor libraries --hash=sha256:<hash>
adafruit-circuitpython-ads1x15==2.2.21 --hash=sha256:<hash>
adafruit-circuitpython-bme280==2.6.15 --hash=sha256:<hash>
adafruit-circuitpython-dht==3.7.8 --hash=sha256:<hash>

# Data handling --hash=sha256:<hash>
pandas==2.0.3 --hash=sha256:<hash>
numpy==1.24.4 --hash=sha256:<hash>
influxdb-client==1.37.0 --hash=sha256:<hash>
redis==4.6.0 --hash=sha256:<hash>

# Web and API --hash=sha256:<hash>
requests==2.31.0 --hash=sha256:<hash>
gunicorn==21.2.0 --hash=sha256:<hash>
eventlet==0.33.3 --hash=sha256:<hash>

# Automation and scheduling --hash=sha256:<hash>
APScheduler==3.10.4 --hash=sha256:<hash>
celery==5.3.1 --hash=sha256:<hash>

# Image processing --hash=sha256:<hash>
Pillow==10.0.0 --hash=sha256:<hash>
opencv-python==4.8.0.76 --hash=sha256:<hash>

# Communication protocols --hash=sha256:<hash>
pyserial==3.5 --hash=sha256:<hash>
paho-mqtt==1.6.1 --hash=sha256:<hash>

# Utilities --hash=sha256:<hash>
python-dateutil==2.8.2 --hash=sha256:<hash>
pytz==2023.3 --hash=sha256:<hash>
psutil==5.9.5 --hash=sha256:<hash>
configparser==6.0.0 --hash=sha256:<hash>

# Development and testing --hash=sha256:<hash>
pytest==7.4.2 --hash=sha256:<hash>
pytest-cov==4.1.0 --hash=sha256:<hash>
black==23.7.0 --hash=sha256:<hash>
flake8==6.0.0 --hash=sha256:<hash>
